{
  "nodes": {
    "nixpkgs": {
      "locked": {
        "lastModified": 1646955661,
        "narHash": "sha256-AYLta1PubJnrkv15+7G+6ErW5m9NcI9wSdJ+n7pKAe0=",
        "owner": "NixOS",
        "repo": "nixpkgs",
        "rev": "e9545762b032559c27d8ec9141ed63ceca1aa1ac",
        "type": "github"
      },
      "original": {
        "id": "nixpkgs",
        "type": "indirect"
      }
    },
    "root": {
      "inputs": {
        "nixpkgs": "nixpkgs",
        "swift-argument-parser": "swift-argument-parser",
        "swift-crypto": "swift-crypto"
      }
    },
    "swift-argument-parser": {
      "flake": false,
      "locked": {
        "lastModified": 1643696315,
        "narHash": "sha256-vNqkuAwSZNCWvwe6E5BqbXQdIbmIia0dENmmSQ9P8Mo=",
        "owner": "apple",
        "repo": "swift-argument-parser",
        "rev": "e394bf350e38cb100b6bc4172834770ede1b7232",
        "type": "github"
      },
      "original": {
        "owner": "apple",
        "repo": "swift-argument-parser",
        "type": "github"
      }
    },
    "swift-crypto": {
      "flake": false,
      "locked": {
        "lastModified": 1645811460,
        "narHash": "sha256-Iwz7JWhJIYbg7JSqIOOx2kRAfirwtZKLUWcKrQlGCwg=",
        "owner": "apple",
        "repo": "swift-crypto",
        "rev": "ddb07e896a2a8af79512543b1c7eb9797f8898a5",
        "type": "github"
      },
      "original": {
        "owner": "apple",
        "repo": "swift-crypto",
        "type": "github"
      }
    }
  },
  "root": "root",
  "version": 7
}
