{
  "nodes": {
    "nixpkgs": {
      "locked": {
        "lastModified": 1646955661,
        "narHash": "sha256-AYLta1PubJnrkv15+7G+6ErW5m9NcI9wSdJ+n7pKAe0=",
        "owner": "NixOS",
        "repo": "nixpkgs",
        "rev": "e9545762b032559c27d8ec9141ed63ceca1aa1ac",
        "type": "github"
      },
      "original": {
        "id": "nixpkgs",
        "type": "indirect"
      }
    },
    "root": {
      "inputs": {
        "nixpkgs": "nixpkgs",
        "swift-argument-parser": "swift-argument-parser",
        "swift-crypto": "swift-crypto"
      }
    },
    "swift-argument-parser": {
      "flake": false,
      "locked": {
        "lastModified": 1646700034,
        "narHash": "sha256-CY2eOjRPlaiPv52tCArWkh8YRj7S8ZmKLaNqP8e7E8s=",
        "owner": "apple",
        "repo": "swift-argument-parser",
        "rev": "c959b3a5d2e301c934c74d3fbb176bd717bfaf5f",
        "type": "github"
      },
      "original": {
        "owner": "apple",
        "repo": "swift-argument-parser",
        "type": "github"
      }
    },
    "swift-crypto": {
      "flake": false,
      "locked": {
        "lastModified": 1645811188,
        "narHash": "sha256-EpNtEV2grmmG+zSHqsoPciBP2o/xF7xyKAFrAdR8qYc=",
        "owner": "apple",
        "repo": "swift-crypto",
        "rev": "facc82fbb465e8e308ceeeeb2bdd2830ae8023b3",
        "type": "github"
      },
      "original": {
        "owner": "apple",
        "repo": "swift-crypto",
        "type": "github"
      }
    }
  },
  "root": "root",
  "version": 7
}
