{
  "nodes": {
    "nixpkgs": {
      "locked": {
        "lastModified": 1692808169,
        "narHash": "sha256-x9Opq06rIiwdwGeK2Ykj69dNc2IvUH1fY55Wm7atwrE=",
        "owner": "NixOS",
        "repo": "nixpkgs",
        "rev": "9201b5ff357e781bf014d0330d18555695df7ba8",
        "type": "github"
      },
      "original": {
        "id": "nixpkgs",
        "type": "indirect"
      }
    },
    "root": {
      "inputs": {
        "nixpkgs": "nixpkgs",
        "swift-argument-parser": "swift-argument-parser",
        "swift-crypto": "swift-crypto"
      }
    },
    "swift-argument-parser": {
      "flake": false,
      "locked": {
        "lastModified": 1692126095,
        "narHash": "sha256-qEJ329hqQyQVxtHScD7qPmWW9ZDf9bX+4xgpDlX0w5A=",
        "owner": "apple",
        "repo": "swift-argument-parser",
        "rev": "8f4d2753f0e4778c76d5f05ad16c74f707390531",
        "type": "github"
      },
      "original": {
        "owner": "apple",
        "repo": "swift-argument-parser",
        "type": "github"
      }
    },
    "swift-crypto": {
      "flake": false,
      "locked": {
        "lastModified": 1691078554,
        "narHash": "sha256-ysi7IhnRsOkQXXes2xIXtsEBPv84nA7xFjPcuIgBfWA=",
        "owner": "apple",
        "repo": "swift-crypto",
        "rev": "60f13f60c4d093691934dc6cfdf5f508ada1f894",
        "type": "github"
      },
      "original": {
        "owner": "apple",
        "repo": "swift-crypto",
        "type": "github"
      }
    }
  },
  "root": "root",
  "version": 7
}
